<Solution>
  <Folder Name="/src/">
    <Project Path="src/Lokad.Lython/Lokad.Lython.csproj" />
  </Folder>
  <Folder Name="/tests/">
    <Project Path="tests/Lokad.Lython.Tests/Lokad.Lython.Tests.csproj" />
  </Folder>
  <Folder Name="/tools/">
    <Project Path="tools/LythonProbe/LythonProbe.csproj" />
  </Folder>
</Solution>
