{
  "version": 2,
  "dependencies": {
    "net10.0": {
      "Lokad.Parsing": {
        "type": "Direct",
        "requested": "[1.1.0, )",
        "resolved": "1.1.0",
        "contentHash": "4UoUrbz3zP5PP9h6ceWvswaHLHxRf3BDub7ppNa26Oy0sSnPhxAo26Bc6CYdE/kWD+HS0b3VCCJGG3iCp6tLnQ==",
        "dependencies": {
          "JetBrains.Annotations": "11.1.0"
        }
      },
      "Lokad.Utf8Regex.PythonRe": {
        "type": "Direct",
        "requested": "[0.2.0, )",
        "resolved": "0.2.0",
        "contentHash": "8aQ2gzf/tKiUJBq86eHe4HqO1AstEf5e6WNZQcxtuNMmkAuRC8iDZTnciayuurf7X4covUD5O+AtEIByQjhDxA==",
        "dependencies": {
          "Lokad.Utf8Regex": "0.2.0"
        }
      },
      "Microsoft.SourceLink.GitHub": {
        "type": "Direct",
        "requested": "[8.0.0, )",
        "resolved": "8.0.0",
        "contentHash": "G5q7OqtwIyGTkeIOAc3u2ZuV/kicQaec5EaRnc0pIeSnh9LUjj+PYQrJYBURvDt7twGl2PKA7nSN0kz1Zw5bnQ==",
        "dependencies": {
          "Microsoft.Build.Tasks.Git": "8.0.0",
          "Microsoft.SourceLink.Common": "8.0.0"
        }
      },
      "JetBrains.Annotations": {
        "type": "Transitive",
        "resolved": "11.1.0",
        "contentHash": "umU4AjekbwDeUaAmzThW9m2e1u1VYL2WAcp85CnyI7QDl9EFI547dh9XRKb8ogY+1uGLxOOksQu1T+ADkQOccA=="
      },
      "Lokad.Utf8Regex": {
        "type": "Transitive",
        "resolved": "0.2.0",
        "contentHash": "AK2u9bIayI3bqbHvuRYuyB9pUVbzIMhimSsFhy7GAvESangIWACzc1TdJWHKFoXD2hus0F+G1MFj343tPdeAUg=="
      },
      "Microsoft.Build.Tasks.Git": {
        "type": "Transitive",
        "resolved": "8.0.0",
        "contentHash": "bZKfSIKJRXLTuSzLudMFte/8CempWjVamNUR5eHJizsy+iuOuO/k2gnh7W0dHJmYY0tBf+gUErfluCv5mySAOQ=="
      },
      "Microsoft.SourceLink.Common": {
        "type": "Transitive",
        "resolved": "8.0.0",
        "contentHash": "dk9JPxTCIevS75HyEQ0E4OVAFhB2N+V9ShCXf8Q6FkUQZDkgLI12y679Nym1YqsiSysuQskT7Z+6nUf3yab6Vw=="
      }
    }
  }
}