{
  "version": 2,
  "dependencies": {
    "net10.0": {
      "Lokad.Parsing": {
        "type": "Direct",
        "requested": "[1.1.0, )",
        "resolved": "1.1.0",
        "contentHash": "4UoUrbz3zP5PP9h6ceWvswaHLHxRf3BDub7ppNa26Oy0sSnPhxAo26Bc6CYdE/kWD+HS0b3VCCJGG3iCp6tLnQ==",
        "dependencies": {
          "JetBrains.Annotations": "11.1.0"
        }
      },
      "Lokad.Utf8Regex.PythonRe": {
        "type": "Direct",
        "requested": "[0.2.0, )",
        "resolved": "0.2.0",
        "contentHash": "8aQ2gzf/tKiUJBq86eHe4HqO1AstEf5e6WNZQcxtuNMmkAuRC8iDZTnciayuurf7X4covUD5O+AtEIByQjhDxA==",
        "dependencies": {
          "Lokad.Utf8Regex": "0.2.0"
        }
      },
      "Microsoft.SourceLink.GitHub": {
        "type": "Direct",
        "requested": "[10.0.401, )",
        "resolved": "10.0.401",
        "contentHash": "LGmlwgP1Cx37JEWzyjS0o1/+xs/s/e3E2TBSuogI5ePA/9L0pfIfeYX0k5in7Bfcw8Nn2y2sG9jXxydTjiR2Fg==",
        "dependencies": {
          "Microsoft.Build.Tasks.Git": "10.0.401",
          "Microsoft.SourceLink.Common": "10.0.401",
          "System.IO.Hashing": "10.0.12"
        }
      },
      "JetBrains.Annotations": {
        "type": "Transitive",
        "resolved": "11.1.0",
        "contentHash": "umU4AjekbwDeUaAmzThW9m2e1u1VYL2WAcp85CnyI7QDl9EFI547dh9XRKb8ogY+1uGLxOOksQu1T+ADkQOccA=="
      },
      "Lokad.Utf8Regex": {
        "type": "Transitive",
        "resolved": "0.2.0",
        "contentHash": "AK2u9bIayI3bqbHvuRYuyB9pUVbzIMhimSsFhy7GAvESangIWACzc1TdJWHKFoXD2hus0F+G1MFj343tPdeAUg=="
      },
      "Microsoft.Build.Tasks.Git": {
        "type": "Transitive",
        "resolved": "10.0.401",
        "contentHash": "ZYctNuT10V9IYyCFydy63DXx0ggZQuynuzQOdLvW62dPgzjIz7f0ISEP75RGiq1jFQh8p6TmGSqxeQZQ87LCig==",
        "dependencies": {
          "System.IO.Hashing": "10.0.12"
        }
      },
      "Microsoft.SourceLink.Common": {
        "type": "Transitive",
        "resolved": "10.0.401",
        "contentHash": "u3rLxIwi/9MqDFaWGE/QQgLR1NBEzLOW2lv5+9OrZPDBYIAmFdYSWCWrR1ufpXWOqFn+x02TgKropl/oDuHmgA=="
      },
      "System.IO.Hashing": {
        "type": "Transitive",
        "resolved": "10.0.12",
        "contentHash": "jDix4bBMYnpZdSPcnY+KDV6ik3SRMzpMKby/bZl/XUwIiflwRNAFZ0oOl61R/pSaveIJ8t1gs2BUlrGsPs/bcg=="
      }
    }
  }
}